# This file was autogenerated by Stack.
# You should not edit this file by hand.
# For more information, please see the documentation at:
#   https://docs.haskellstack.org/en/stable/lock_files

packages:
- completed:
    hackage: blank-canvas-0.7@sha256:5161b0f68707ab11bb82de45bf744ef6a8f0aa057a1c7eeda4d66f9459875886,7885
    pantry-tree:
      size: 5101
      sha256: 363091be722b025fe8a76e789055ddbf592274c16b9236caa541361ad92ad70d
  original:
    hackage: blank-canvas-0.7@sha256:5161b0f68707ab11bb82de45bf744ef6a8f0aa057a1c7eeda4d66f9459875886,7885
- completed:
    hackage: kansas-comet-0.4@sha256:31ef8fdb7ca66fbff292f9b30a4e13bce38b1ce94bc78e9cb0bcf3999178d2e2,1737
    pantry-tree:
      size: 383
      sha256: 2229d669ca7b215e2a6bd08219a61d780d792e0c5f998eb59821331ab85c3b2f
  original:
    hackage: kansas-comet-0.4@sha256:31ef8fdb7ca66fbff292f9b30a4e13bce38b1ce94bc78e9cb0bcf3999178d2e2,1737
snapshots:
- completed:
    size: 524804
    url: https://raw.githubusercontent.com/commercialhaskell/stackage-snapshots/master/lts/14/16.yaml
    sha256: 4d1519a4372d051d47a5eae2241cf3fb54e113d7475f89707ddb6ec06add2888
  original: lts-14.16
